# This file was autogenerated by Stack.
# You should not edit this file by hand.
# For more information, please see the documentation at:
#   https://docs.haskellstack.org/en/stable/lock_files

packages:
- completed:
    commit: 45f97f5f2cfd9d42dc0411a03ed0c4daf2512d92
    git: https://github.com/Qiu233/protolite.git
    name: protolite
    pantry-tree:
      sha256: cd4f40a79b2ed940f14779bcdd51a17cccb93774b35138d1f00e7aae89b5bede
      size: 839
    version: 0.1.0.0
  original:
    commit: 45f97f5f2cfd9d42dc0411a03ed0c4daf2512d92
    git: https://github.com/Qiu233/protolite.git
snapshots:
- completed:
    sha256: c4381351ba5837a6356fcc0ebeb7a61fdcaf3a085c903a6f730f56b131d5cb58
    size: 639143
    url: https://raw.githubusercontent.com/commercialhaskell/stackage-snapshots/master/lts/21/1.yaml
  original:
    url: https://raw.githubusercontent.com/commercialhaskell/stackage-snapshots/master/lts/21/1.yaml
